
Microsoft Visual Studio Solution File, Format Version 12.00
# Visual Studio 2012
Project("{FAE04EC0-301F-11D3-BF4B-00C04F79EFBC}") = "TestProject", "TestProject\TestProject.csproj", "{E2F8FBB9-3C9C-4297-8B16-38293DC93D84}"
EndProject
Global
	GlobalSection(SolutionConfigurationPlatforms) = preSolution
		Debug|Any CPU = Debug|Any CPU
		Release|Any CPU = Release|Any CPU
	EndGlobalSection
	GlobalSection(ProjectConfigurationPlatforms) = postSolution
		{E2F8FBB9-3C9C-4297-8B16-38293DC93D84}.Debug|Any CPU.ActiveCfg = Debug|Any CPU
		{E2F8FBB9-3C9C-4297-8B16-38293DC93D84}.Debug|Any CPU.Build.0 = Debug|Any CPU
		{E2F8FBB9-3C9C-4297-8B16-38293DC93D84}.Release|Any CPU.ActiveCfg = Release|Any CPU
		{E2F8FBB9-3C9C-4297-8B16-38293DC93D84}.Release|Any CPU.Build.0 = Release|Any CPU
	EndGlobalSection
	GlobalSection(SolutionProperties) = preSolution
		HideSolutionNode = FALSE
	EndGlobalSection
EndGlobal
